
Microsoft Visual Studio Solution File, Format Version 12.00
# Visual Studio Version 17
VisualStudioVersion = 17.5.33516.290
MinimumVisualStudioVersion = 10.0.40219.1
Project("{FAE04EC0-301F-11D3-BF4B-00C04F79EFBC}") = "Product_Linq", "Product_Linq\Product_Linq.csproj", "{60B764AF-D98F-49ED-A648-4FB2CD58E030}"
EndProject
Global
	GlobalSection(SolutionConfigurationPlatforms) = preSolution
		Debug|Any CPU = Debug|Any CPU
		Release|Any CPU = Release|Any CPU
	EndGlobalSection
	GlobalSection(ProjectConfigurationPlatforms) = postSolution
		{60B764AF-D98F-49ED-A648-4FB2CD58E030}.Debug|Any CPU.ActiveCfg = Debug|Any CPU
		{60B764AF-D98F-49ED-A648-4FB2CD58E030}.Debug|Any CPU.Build.0 = Debug|Any CPU
		{60B764AF-D98F-49ED-A648-4FB2CD58E030}.Release|Any CPU.ActiveCfg = Release|Any CPU
		{60B764AF-D98F-49ED-A648-4FB2CD58E030}.Release|Any CPU.Build.0 = Release|Any CPU
	EndGlobalSection
	GlobalSection(SolutionProperties) = preSolution
		HideSolutionNode = FALSE
	EndGlobalSection
	GlobalSection(ExtensibilityGlobals) = postSolution
		SolutionGuid = {A1A62E55-E94F-4441-87A2-54EE880AA6BF}
	EndGlobalSection
EndGlobal
